
Microsoft Visual Studio Solution File, Format Version 12.00
# Visual Studio Version 16
VisualStudioVersion = 16.0.29123.88
MinimumVisualStudioVersion = 10.0.40219.1
Project("{2286C783-8279-485C-B9A4-1E666CCB004B}") = "BuildJS", "BuildJS.nbuildproj", "{B81852CF-622E-4395-B3F2-FABDEC419640}"
EndProject
Global
	GlobalSection(SolutionConfigurationPlatforms) = preSolution
		Debug|Any CPU = Debug|Any CPU
		Release|Any CPU = Release|Any CPU
	EndGlobalSection
	GlobalSection(ProjectConfigurationPlatforms) = postSolution
		{B81852CF-622E-4395-B3F2-FABDEC419640}.Debug|Any CPU.ActiveCfg = Debug|Any CPU
		{B81852CF-622E-4395-B3F2-FABDEC419640}.Debug|Any CPU.Build.0 = Debug|Any CPU
		{B81852CF-622E-4395-B3F2-FABDEC419640}.Release|Any CPU.ActiveCfg = Release|Any CPU
		{B81852CF-622E-4395-B3F2-FABDEC419640}.Release|Any CPU.Build.0 = Release|Any CPU
	EndGlobalSection
	GlobalSection(SolutionProperties) = preSolution
		HideSolutionNode = FALSE
	EndGlobalSection
	GlobalSection(ExtensibilityGlobals) = postSolution
		SolutionGuid = {F7679588-31B3-40C4-A3C8-30523FDEDE2B}
	EndGlobalSection
EndGlobal
